
Microsoft Visual Studio Solution File, Format Version 12.00
# Visual Studio Version 17
VisualStudioVersion = 17.3.32901.215
MinimumVisualStudioVersion = 10.0.40219.1
Project("{9A19103F-16F7-4668-BE54-9A1E7A4F7556}") = "BlazorAppDemo", "BlazorAppDemo\BlazorAppDemo.csproj", "{8520123F-5A37-433A-9FCA-CC4D8BEE3F54}"
EndProject
Global
	GlobalSection(SolutionConfigurationPlatforms) = preSolution
		Debug|Any CPU = Debug|Any CPU
		Release|Any CPU = Release|Any CPU
	EndGlobalSection
	GlobalSection(ProjectConfigurationPlatforms) = postSolution
		{8520123F-5A37-433A-9FCA-CC4D8BEE3F54}.Debug|Any CPU.ActiveCfg = Debug|Any CPU
		{8520123F-5A37-433A-9FCA-CC4D8BEE3F54}.Debug|Any CPU.Build.0 = Debug|Any CPU
		{8520123F-5A37-433A-9FCA-CC4D8BEE3F54}.Release|Any CPU.ActiveCfg = Release|Any CPU
		{8520123F-5A37-433A-9FCA-CC4D8BEE3F54}.Release|Any CPU.Build.0 = Release|Any CPU
	EndGlobalSection
	GlobalSection(SolutionProperties) = preSolution
		HideSolutionNode = FALSE
	EndGlobalSection
	GlobalSection(ExtensibilityGlobals) = postSolution
		SolutionGuid = {CF758FDE-8B86-4DC0-A159-77DD9A26D782}
	EndGlobalSection
EndGlobal
